
Microsoft Visual Studio Solution File, Format Version 12.00
# Visual Studio 15
VisualStudioVersion = 15.0.27130.2010
MinimumVisualStudioVersion = 10.0.40219.1
Project("{9A19103F-16F7-4668-BE54-9A1E7A4F7556}") = "ContentModerationDemo", "ContentModerationDemo\ContentModerationDemo.csproj", "{8CB5D9DC-78FD-47C0-B4E4-09648C7D641A}"
EndProject
Project("{FAE04EC0-301F-11D3-BF4B-00C04F79EFBC}") = "ContentModerationDemo.AWS", "ContentModerationDemo.AWS\ContentModerationDemo.AWS.csproj", "{AA453DC9-097E-47CD-961E-26193C3F603A}"
EndProject
Project("{FAE04EC0-301F-11D3-BF4B-00C04F79EFBC}") = "ContentModerationDemo.AWS.Test", "ContentModerationDemo.AWS.Test\ContentModerationDemo.AWS.Test.csproj", "{07E36A1B-9B8B-4BAE-BA91-B6D7D6613BFB}"
EndProject
Project("{FAE04EC0-301F-11D3-BF4B-00C04F79EFBC}") = "ContentModerationDemo.Abstraction", "ContentModerationDemo.Abstraction\ContentModerationDemo.Abstraction.csproj", "{E91701BB-926F-4849-AB31-35159680BEDF}"
EndProject
Project("{FAE04EC0-301F-11D3-BF4B-00C04F79EFBC}") = "ContentModerationDemo.Azure", "ContentModerationDemo.Azure\ContentModerationDemo.Azure.csproj", "{474B4520-554B-45D6-80F8-FB780A4549CA}"
EndProject
Project("{FAE04EC0-301F-11D3-BF4B-00C04F79EFBC}") = "ContentModerationDemo.Azure.Test", "ContentModerationDemo.Azure.Test\ContentModerationDemo.Azure.Test.csproj", "{B0A6FB14-7E44-40CC-96E8-5DCBE1EE3F29}"
EndProject
Global
	GlobalSection(SolutionConfigurationPlatforms) = preSolution
		Debug|Any CPU = Debug|Any CPU
		Release|Any CPU = Release|Any CPU
	EndGlobalSection
	GlobalSection(ProjectConfigurationPlatforms) = postSolution
		{8CB5D9DC-78FD-47C0-B4E4-09648C7D641A}.Debug|Any CPU.ActiveCfg = Debug|Any CPU
		{8CB5D9DC-78FD-47C0-B4E4-09648C7D641A}.Debug|Any CPU.Build.0 = Debug|Any CPU
		{8CB5D9DC-78FD-47C0-B4E4-09648C7D641A}.Release|Any CPU.ActiveCfg = Release|Any CPU
		{8CB5D9DC-78FD-47C0-B4E4-09648C7D641A}.Release|Any CPU.Build.0 = Release|Any CPU
		{AA453DC9-097E-47CD-961E-26193C3F603A}.Debug|Any CPU.ActiveCfg = Debug|Any CPU
		{AA453DC9-097E-47CD-961E-26193C3F603A}.Debug|Any CPU.Build.0 = Debug|Any CPU
		{AA453DC9-097E-47CD-961E-26193C3F603A}.Release|Any CPU.ActiveCfg = Release|Any CPU
		{AA453DC9-097E-47CD-961E-26193C3F603A}.Release|Any CPU.Build.0 = Release|Any CPU
		{07E36A1B-9B8B-4BAE-BA91-B6D7D6613BFB}.Debug|Any CPU.ActiveCfg = Debug|Any CPU
		{07E36A1B-9B8B-4BAE-BA91-B6D7D6613BFB}.Debug|Any CPU.Build.0 = Debug|Any CPU
		{07E36A1B-9B8B-4BAE-BA91-B6D7D6613BFB}.Release|Any CPU.ActiveCfg = Release|Any CPU
		{07E36A1B-9B8B-4BAE-BA91-B6D7D6613BFB}.Release|Any CPU.Build.0 = Release|Any CPU
		{E91701BB-926F-4849-AB31-35159680BEDF}.Debug|Any CPU.ActiveCfg = Debug|Any CPU
		{E91701BB-926F-4849-AB31-35159680BEDF}.Debug|Any CPU.Build.0 = Debug|Any CPU
		{E91701BB-926F-4849-AB31-35159680BEDF}.Release|Any CPU.ActiveCfg = Release|Any CPU
		{E91701BB-926F-4849-AB31-35159680BEDF}.Release|Any CPU.Build.0 = Release|Any CPU
		{474B4520-554B-45D6-80F8-FB780A4549CA}.Debug|Any CPU.ActiveCfg = Debug|Any CPU
		{474B4520-554B-45D6-80F8-FB780A4549CA}.Debug|Any CPU.Build.0 = Debug|Any CPU
		{474B4520-554B-45D6-80F8-FB780A4549CA}.Release|Any CPU.ActiveCfg = Release|Any CPU
		{474B4520-554B-45D6-80F8-FB780A4549CA}.Release|Any CPU.Build.0 = Release|Any CPU
		{B0A6FB14-7E44-40CC-96E8-5DCBE1EE3F29}.Debug|Any CPU.ActiveCfg = Debug|Any CPU
		{B0A6FB14-7E44-40CC-96E8-5DCBE1EE3F29}.Debug|Any CPU.Build.0 = Debug|Any CPU
		{B0A6FB14-7E44-40CC-96E8-5DCBE1EE3F29}.Release|Any CPU.ActiveCfg = Release|Any CPU
		{B0A6FB14-7E44-40CC-96E8-5DCBE1EE3F29}.Release|Any CPU.Build.0 = Release|Any CPU
	EndGlobalSection
	GlobalSection(SolutionProperties) = preSolution
		HideSolutionNode = FALSE
	EndGlobalSection
	GlobalSection(ExtensibilityGlobals) = postSolution
		SolutionGuid = {4B442D13-9A49-43BD-ADC2-E045454CF0E2}
	EndGlobalSection
EndGlobal
